lockfileVersion: '9.0'

settings:
  autoInstallPeers: true
  excludeLinksFromLockfile: false

importers:

  .:
    dependencies:
      '@tauri-apps/api':
        specifier: ^2.8.0
        version: 2.8.0
      '@tauri-apps/plugin-dialog':
        specifier: ^2.3.3
        version: 2.3.3
      '@tauri-apps/plugin-fs':
        specifier: ^2.4.2
        version: 2.4.2

packages:

  '@tauri-apps/api@2.8.0':
    resolution: {integrity: sha512-ga7zdhbS2GXOMTIZRT0mYjKJtR9fivsXzsyq5U3vjDL0s6DTMwYRm0UHNjzTY5dh4+LSC68Sm/7WEiimbQNYlw==}

  '@tauri-apps/plugin-dialog@2.3.3':
    resolution: {integrity: sha512-cWXB9QJDbLIA0v7I5QY183awazBEQNPhp19iPvrMZoJRX8SbFkhWFx1/q7zy7xGpXXzxz29qtq6z21Ho7W5Iew==}

  '@tauri-apps/plugin-fs@2.4.2':
    resolution: {integrity: sha512-YGhmYuTgXGsi6AjoV+5mh2NvicgWBfVJHHheuck6oHD+HC9bVWPaHvCP0/Aw4pHDejwrvT8hE3+zZAaWf+hrig==}

snapshots:

  '@tauri-apps/api@2.8.0': {}

  '@tauri-apps/plugin-dialog@2.3.3':
    dependencies:
      '@tauri-apps/api': 2.8.0

  '@tauri-apps/plugin-fs@2.4.2':
    dependencies:
      '@tauri-apps/api': 2.8.0
